
Microsoft Visual Studio Solution File, Format Version 12.00
# Visual Studio 15
Project("{FAE04EC0-301F-11D3-BF4B-00C04F79EFBC}") = "ShellDemo.Android", "ShellDemo.Android\ShellDemo.Android.csproj", "{B2005630-666D-4B5F-B158-88A03AAF48D1}"
EndProject
Project("{FAE04EC0-301F-11D3-BF4B-00C04F79EFBC}") = "ShellDemo.iOS", "ShellDemo.iOS\ShellDemo.iOS.csproj", "{0DBD8E92-B570-4CE5-881E-CE03C2C588F2}"
EndProject
Project("{FAE04EC0-301F-11D3-BF4B-00C04F79EFBC}") = "ShellDemo", "ShellDemo\ShellDemo.csproj", "{234BC1F0-9EE8-4B7D-8E7B-22A22F79A937}"
EndProject
Global
	GlobalSection(SolutionConfigurationPlatforms) = preSolution
		Debug|Any CPU = Debug|Any CPU
		Release|Any CPU = Release|Any CPU
		Debug|iPhoneSimulator = Debug|iPhoneSimulator
		Release|iPhoneSimulator = Release|iPhoneSimulator
		Debug|iPhone = Debug|iPhone
		Release|iPhone = Release|iPhone
	EndGlobalSection
	GlobalSection(ProjectConfigurationPlatforms) = postSolution
		{B2005630-666D-4B5F-B158-88A03AAF48D1}.Debug|Any CPU.ActiveCfg = Debug|Any CPU
		{B2005630-666D-4B5F-B158-88A03AAF48D1}.Debug|Any CPU.Build.0 = Debug|Any CPU
		{B2005630-666D-4B5F-B158-88A03AAF48D1}.Release|Any CPU.ActiveCfg = Release|Any CPU
		{B2005630-666D-4B5F-B158-88A03AAF48D1}.Release|Any CPU.Build.0 = Release|Any CPU
		{B2005630-666D-4B5F-B158-88A03AAF48D1}.Debug|iPhoneSimulator.ActiveCfg = Debug|Any CPU
		{B2005630-666D-4B5F-B158-88A03AAF48D1}.Debug|iPhoneSimulator.Build.0 = Debug|Any CPU
		{B2005630-666D-4B5F-B158-88A03AAF48D1}.Release|iPhoneSimulator.ActiveCfg = Release|Any CPU
		{B2005630-666D-4B5F-B158-88A03AAF48D1}.Release|iPhoneSimulator.Build.0 = Release|Any CPU
		{B2005630-666D-4B5F-B158-88A03AAF48D1}.Debug|iPhone.ActiveCfg = Debug|Any CPU
		{B2005630-666D-4B5F-B158-88A03AAF48D1}.Debug|iPhone.Build.0 = Debug|Any CPU
		{B2005630-666D-4B5F-B158-88A03AAF48D1}.Release|iPhone.ActiveCfg = Release|Any CPU
		{B2005630-666D-4B5F-B158-88A03AAF48D1}.Release|iPhone.Build.0 = Release|Any CPU
		{0DBD8E92-B570-4CE5-881E-CE03C2C588F2}.Debug|Any CPU.ActiveCfg = Debug|iPhoneSimulator
		{0DBD8E92-B570-4CE5-881E-CE03C2C588F2}.Debug|Any CPU.Build.0 = Debug|iPhoneSimulator
		{0DBD8E92-B570-4CE5-881E-CE03C2C588F2}.Release|Any CPU.ActiveCfg = Release|iPhoneSimulator
		{0DBD8E92-B570-4CE5-881E-CE03C2C588F2}.Release|Any CPU.Build.0 = Release|iPhoneSimulator
		{0DBD8E92-B570-4CE5-881E-CE03C2C588F2}.Debug|iPhoneSimulator.ActiveCfg = Debug|iPhoneSimulator
		{0DBD8E92-B570-4CE5-881E-CE03C2C588F2}.Debug|iPhoneSimulator.Build.0 = Debug|iPhoneSimulator
		{0DBD8E92-B570-4CE5-881E-CE03C2C588F2}.Release|iPhoneSimulator.ActiveCfg = Release|iPhoneSimulator
		{0DBD8E92-B570-4CE5-881E-CE03C2C588F2}.Release|iPhoneSimulator.Build.0 = Release|iPhoneSimulator
		{0DBD8E92-B570-4CE5-881E-CE03C2C588F2}.Debug|iPhone.ActiveCfg = Debug|iPhone
		{0DBD8E92-B570-4CE5-881E-CE03C2C588F2}.Debug|iPhone.Build.0 = Debug|iPhone
		{0DBD8E92-B570-4CE5-881E-CE03C2C588F2}.Release|iPhone.ActiveCfg = Release|iPhone
		{0DBD8E92-B570-4CE5-881E-CE03C2C588F2}.Release|iPhone.Build.0 = Release|iPhone
		{234BC1F0-9EE8-4B7D-8E7B-22A22F79A937}.Debug|Any CPU.ActiveCfg = Debug|Any CPU
		{234BC1F0-9EE8-4B7D-8E7B-22A22F79A937}.Debug|Any CPU.Build.0 = Debug|Any CPU
		{234BC1F0-9EE8-4B7D-8E7B-22A22F79A937}.Release|Any CPU.ActiveCfg = Release|Any CPU
		{234BC1F0-9EE8-4B7D-8E7B-22A22F79A937}.Release|Any CPU.Build.0 = Release|Any CPU
		{234BC1F0-9EE8-4B7D-8E7B-22A22F79A937}.Debug|iPhoneSimulator.ActiveCfg = Debug|Any CPU
		{234BC1F0-9EE8-4B7D-8E7B-22A22F79A937}.Debug|iPhoneSimulator.Build.0 = Debug|Any CPU
		{234BC1F0-9EE8-4B7D-8E7B-22A22F79A937}.Release|iPhoneSimulator.ActiveCfg = Release|Any CPU
		{234BC1F0-9EE8-4B7D-8E7B-22A22F79A937}.Release|iPhoneSimulator.Build.0 = Release|Any CPU
		{234BC1F0-9EE8-4B7D-8E7B-22A22F79A937}.Debug|iPhone.ActiveCfg = Debug|Any CPU
		{234BC1F0-9EE8-4B7D-8E7B-22A22F79A937}.Debug|iPhone.Build.0 = Debug|Any CPU
		{234BC1F0-9EE8-4B7D-8E7B-22A22F79A937}.Release|iPhone.ActiveCfg = Release|Any CPU
		{234BC1F0-9EE8-4B7D-8E7B-22A22F79A937}.Release|iPhone.Build.0 = Release|Any CPU
	EndGlobalSection
EndGlobal
